
Microsoft Visual Studio Solution File, Format Version 12.00
# Visual Studio Version 17
VisualStudioVersion = 17.2.32616.157
MinimumVisualStudioVersion = 10.0.40219.1
Project("{FAE04EC0-301F-11D3-BF4B-00C04F79EFBC}") = "ExerciciosProfRomulo.MatematicaBasica", "ExerciciosProfRomulo.MatematicaBasica\ExerciciosProfRomulo.MatematicaBasica.csproj", "{D4FF2030-BDFB-46E7-A411-B928EA3EAB6A}"
EndProject
Project("{FAE04EC0-301F-11D3-BF4B-00C04F79EFBC}") = "ExerciciosProfRomulo.EscolinhaTicTic", "ExerciciosProfRomulo.EscolinhaTicTic\ExerciciosProfRomulo.EscolinhaTicTic.csproj", "{97F32304-7B7A-4C76-9D4A-01B2E2AAFA1C}"
EndProject
Global
	GlobalSection(SolutionConfigurationPlatforms) = preSolution
		Debug|Any CPU = Debug|Any CPU
		Release|Any CPU = Release|Any CPU
	EndGlobalSection
	GlobalSection(ProjectConfigurationPlatforms) = postSolution
		{D4FF2030-BDFB-46E7-A411-B928EA3EAB6A}.Debug|Any CPU.ActiveCfg = Debug|Any CPU
		{D4FF2030-BDFB-46E7-A411-B928EA3EAB6A}.Debug|Any CPU.Build.0 = Debug|Any CPU
		{D4FF2030-BDFB-46E7-A411-B928EA3EAB6A}.Release|Any CPU.ActiveCfg = Release|Any CPU
		{D4FF2030-BDFB-46E7-A411-B928EA3EAB6A}.Release|Any CPU.Build.0 = Release|Any CPU
		{97F32304-7B7A-4C76-9D4A-01B2E2AAFA1C}.Debug|Any CPU.ActiveCfg = Debug|Any CPU
		{97F32304-7B7A-4C76-9D4A-01B2E2AAFA1C}.Debug|Any CPU.Build.0 = Debug|Any CPU
		{97F32304-7B7A-4C76-9D4A-01B2E2AAFA1C}.Release|Any CPU.ActiveCfg = Release|Any CPU
		{97F32304-7B7A-4C76-9D4A-01B2E2AAFA1C}.Release|Any CPU.Build.0 = Release|Any CPU
	EndGlobalSection
	GlobalSection(SolutionProperties) = preSolution
		HideSolutionNode = FALSE
	EndGlobalSection
	GlobalSection(ExtensibilityGlobals) = postSolution
		SolutionGuid = {80E35BED-B989-435D-809D-868F1831F3C9}
	EndGlobalSection
EndGlobal
